Microsoft Visual Studio Solution File, Format Version 12.00
# Visual Studio Version 17
VisualStudioVersion = 17.0.31903.59
MinimumVisualStudioVersion = 10.0.40219.1
Project("{FAE04EC0-301F-11D3-BF4B-00C04F79EFBC}") = "ExpenseTracker.Api", "ExpenseTracker.Api\ExpenseTracker.Api.csproj", "{06CF0E55-6681-40A1-A798-5ECFB5287204}"
EndProject
Project("{FAE04EC0-301F-11D3-BF4B-00C04F79EFBC}") = "ExpenseTracker.Base", "ExpenseTracker.Base\ExpenseTracker.Base.csproj", "{BFC5C52E-F3C7-4DCE-BF72-758D503878AE}"
EndProject
Project("{FAE04EC0-301F-11D3-BF4B-00C04F79EFBC}") = "ExpenseTracker.Schema", "ExpenseTracker.Schema\ExpenseTracker.Schema.csproj", "{92BA96F1-474A-4BC4-86F9-91C7141AADAB}"
EndProject
Global
	GlobalSection(SolutionConfigurationPlatforms) = preSolution
		Debug|Any CPU = Debug|Any CPU
		Release|Any CPU = Release|Any CPU
	EndGlobalSection
	GlobalSection(SolutionProperties) = preSolution
		HideSolutionNode = FALSE
	EndGlobalSection
	GlobalSection(ProjectConfigurationPlatforms) = postSolution
		{06CF0E55-6681-40A1-A798-5ECFB5287204}.Debug|Any CPU.ActiveCfg = Debug|Any CPU
		{06CF0E55-6681-40A1-A798-5ECFB5287204}.Debug|Any CPU.Build.0 = Debug|Any CPU
		{06CF0E55-6681-40A1-A798-5ECFB5287204}.Release|Any CPU.ActiveCfg = Release|Any CPU
		{06CF0E55-6681-40A1-A798-5ECFB5287204}.Release|Any CPU.Build.0 = Release|Any CPU
		{BFC5C52E-F3C7-4DCE-BF72-758D503878AE}.Debug|Any CPU.ActiveCfg = Debug|Any CPU
		{BFC5C52E-F3C7-4DCE-BF72-758D503878AE}.Debug|Any CPU.Build.0 = Debug|Any CPU
		{BFC5C52E-F3C7-4DCE-BF72-758D503878AE}.Release|Any CPU.ActiveCfg = Release|Any CPU
		{BFC5C52E-F3C7-4DCE-BF72-758D503878AE}.Release|Any CPU.Build.0 = Release|Any CPU
		{92BA96F1-474A-4BC4-86F9-91C7141AADAB}.Debug|Any CPU.ActiveCfg = Debug|Any CPU
		{92BA96F1-474A-4BC4-86F9-91C7141AADAB}.Debug|Any CPU.Build.0 = Debug|Any CPU
		{92BA96F1-474A-4BC4-86F9-91C7141AADAB}.Release|Any CPU.ActiveCfg = Release|Any CPU
		{92BA96F1-474A-4BC4-86F9-91C7141AADAB}.Release|Any CPU.Build.0 = Release|Any CPU
	EndGlobalSection
EndGlobal
